
Microsoft Visual Studio Solution File, Format Version 12.00
# Visual Studio Version 16
VisualStudioVersion = 16.0.32002.261
MinimumVisualStudioVersion = 10.0.40219.1
Project("{FAE04EC0-301F-11D3-BF4B-00C04F79EFBC}") = "PhoneBook", "PhoneBook\PhoneBook.csproj", "{D9D60A6E-723E-445E-8044-30C7E90C4EDF}"
EndProject
Project("{FAE04EC0-301F-11D3-BF4B-00C04F79EFBC}") = "Calculator", "Calculator\Calculator.csproj", "{FE6477F6-930F-4213-888F-B70DBD06447B}"
EndProject
Project("{FAE04EC0-301F-11D3-BF4B-00C04F79EFBC}") = "Text_RPG2", "Text_RPG2\Text_RPG2.csproj", "{8D589703-6476-4AB0-AE1C-6F5B0B034271}"
EndProject
Global
	GlobalSection(SolutionConfigurationPlatforms) = preSolution
		Debug|Any CPU = Debug|Any CPU
		Release|Any CPU = Release|Any CPU
	EndGlobalSection
	GlobalSection(ProjectConfigurationPlatforms) = postSolution
		{D9D60A6E-723E-445E-8044-30C7E90C4EDF}.Debug|Any CPU.ActiveCfg = Debug|Any CPU
		{D9D60A6E-723E-445E-8044-30C7E90C4EDF}.Debug|Any CPU.Build.0 = Debug|Any CPU
		{D9D60A6E-723E-445E-8044-30C7E90C4EDF}.Release|Any CPU.ActiveCfg = Release|Any CPU
		{D9D60A6E-723E-445E-8044-30C7E90C4EDF}.Release|Any CPU.Build.0 = Release|Any CPU
		{FE6477F6-930F-4213-888F-B70DBD06447B}.Debug|Any CPU.ActiveCfg = Debug|Any CPU
		{FE6477F6-930F-4213-888F-B70DBD06447B}.Debug|Any CPU.Build.0 = Debug|Any CPU
		{FE6477F6-930F-4213-888F-B70DBD06447B}.Release|Any CPU.ActiveCfg = Release|Any CPU
		{FE6477F6-930F-4213-888F-B70DBD06447B}.Release|Any CPU.Build.0 = Release|Any CPU
		{8D589703-6476-4AB0-AE1C-6F5B0B034271}.Debug|Any CPU.ActiveCfg = Debug|Any CPU
		{8D589703-6476-4AB0-AE1C-6F5B0B034271}.Debug|Any CPU.Build.0 = Debug|Any CPU
		{8D589703-6476-4AB0-AE1C-6F5B0B034271}.Release|Any CPU.ActiveCfg = Release|Any CPU
		{8D589703-6476-4AB0-AE1C-6F5B0B034271}.Release|Any CPU.Build.0 = Release|Any CPU
	EndGlobalSection
	GlobalSection(SolutionProperties) = preSolution
		HideSolutionNode = FALSE
	EndGlobalSection
	GlobalSection(ExtensibilityGlobals) = postSolution
		SolutionGuid = {3E4A0A8E-9235-4A2B-90B2-23B01A85A5EA}
	EndGlobalSection
EndGlobal
